
Microsoft Visual Studio Solution File, Format Version 12.00
# Visual Studio Version 16
VisualStudioVersion = 16.0.30309.148
MinimumVisualStudioVersion = 10.0.40219.1
Project("{8BC9CEB8-8B4A-11D0-8D11-00A0C91BC942}") = "StaticLib_calculater", "StaticLib_calculater\StaticLib_calculater.vcxproj", "{82855B65-36EA-483B-BBA8-F62159ED202C}"
EndProject
Project("{8BC9CEB8-8B4A-11D0-8D11-00A0C91BC942}") = "UnitTest_calculater", "UnitTest_calculater\UnitTest_calculater.vcxproj", "{61D65794-D7EE-4906-9D73-BD2E75AD0D04}"
EndProject
Global
	GlobalSection(SolutionConfigurationPlatforms) = preSolution
		Debug|x64 = Debug|x64
		Debug|x86 = Debug|x86
		Release|x64 = Release|x64
		Release|x86 = Release|x86
	EndGlobalSection
	GlobalSection(ProjectConfigurationPlatforms) = postSolution
		{82855B65-36EA-483B-BBA8-F62159ED202C}.Debug|x64.ActiveCfg = Debug|x64
		{82855B65-36EA-483B-BBA8-F62159ED202C}.Debug|x64.Build.0 = Debug|x64
		{82855B65-36EA-483B-BBA8-F62159ED202C}.Debug|x86.ActiveCfg = Debug|Win32
		{82855B65-36EA-483B-BBA8-F62159ED202C}.Debug|x86.Build.0 = Debug|Win32
		{82855B65-36EA-483B-BBA8-F62159ED202C}.Release|x64.ActiveCfg = Release|x64
		{82855B65-36EA-483B-BBA8-F62159ED202C}.Release|x64.Build.0 = Release|x64
		{82855B65-36EA-483B-BBA8-F62159ED202C}.Release|x86.ActiveCfg = Release|Win32
		{82855B65-36EA-483B-BBA8-F62159ED202C}.Release|x86.Build.0 = Release|Win32
		{61D65794-D7EE-4906-9D73-BD2E75AD0D04}.Debug|x64.ActiveCfg = Debug|x64
		{61D65794-D7EE-4906-9D73-BD2E75AD0D04}.Debug|x64.Build.0 = Debug|x64
		{61D65794-D7EE-4906-9D73-BD2E75AD0D04}.Debug|x86.ActiveCfg = Debug|Win32
		{61D65794-D7EE-4906-9D73-BD2E75AD0D04}.Debug|x86.Build.0 = Debug|Win32
		{61D65794-D7EE-4906-9D73-BD2E75AD0D04}.Release|x64.ActiveCfg = Release|x64
		{61D65794-D7EE-4906-9D73-BD2E75AD0D04}.Release|x64.Build.0 = Release|x64
		{61D65794-D7EE-4906-9D73-BD2E75AD0D04}.Release|x86.ActiveCfg = Release|Win32
		{61D65794-D7EE-4906-9D73-BD2E75AD0D04}.Release|x86.Build.0 = Release|Win32
	EndGlobalSection
	GlobalSection(SolutionProperties) = preSolution
		HideSolutionNode = FALSE
	EndGlobalSection
	GlobalSection(ExtensibilityGlobals) = postSolution
		SolutionGuid = {586A3646-FE79-49C4-8DB1-A37DAAEA0194}
	EndGlobalSection
EndGlobal
